
Microsoft Visual Studio Solution File, Format Version 12.00
# Visual Studio Version 17
VisualStudioVersion = 17.11.35219.272
MinimumVisualStudioVersion = 10.0.40219.1
Project("{FAE04EC0-301F-11D3-BF4B-00C04F79EFBC}") = "Bank-Clone", "Bank-Clone\Bank-Clone.csproj", "{82B6C581-E788-4F9B-859E-E1E80C10FE14}"
EndProject
Global
	GlobalSection(SolutionConfigurationPlatforms) = preSolution
		Debug|Any CPU = Debug|Any CPU
		Release|Any CPU = Release|Any CPU
	EndGlobalSection
	GlobalSection(ProjectConfigurationPlatforms) = postSolution
		{82B6C581-E788-4F9B-859E-E1E80C10FE14}.Debug|Any CPU.ActiveCfg = Debug|Any CPU
		{82B6C581-E788-4F9B-859E-E1E80C10FE14}.Debug|Any CPU.Build.0 = Debug|Any CPU
		{82B6C581-E788-4F9B-859E-E1E80C10FE14}.Release|Any CPU.ActiveCfg = Release|Any CPU
		{82B6C581-E788-4F9B-859E-E1E80C10FE14}.Release|Any CPU.Build.0 = Release|Any CPU
	EndGlobalSection
	GlobalSection(SolutionProperties) = preSolution
		HideSolutionNode = FALSE
	EndGlobalSection
	GlobalSection(ExtensibilityGlobals) = postSolution
		SolutionGuid = {7126AC0F-27CE-4595-B81F-224C487FA2A6}
	EndGlobalSection
EndGlobal
